
Microsoft Visual Studio Solution File, Format Version 12.00
# Visual Studio 15
VisualStudioVersion = 15.0.27130.2027
MinimumVisualStudioVersion = 10.0.40219.1
Project("{FAE04EC0-301F-11D3-BF4B-00C04F79EFBC}") = "RewardsForYou", "RewardsForYou\RewardsForYou.csproj", "{DCDFA820-5CE7-43DD-80C8-A0A0550B5A35}"
EndProject
Project("{FAE04EC0-301F-11D3-BF4B-00C04F79EFBC}") = "RewardsForYou.ADAuth", "RewardsForYou.ADAuth\RewardsForYou.ADAuth.csproj", "{ECBAE61C-E83A-4822-BF49-E5774222FED4}"
EndProject
Global
	GlobalSection(SolutionConfigurationPlatforms) = preSolution
		Debug|Any CPU = Debug|Any CPU
		Release|Any CPU = Release|Any CPU
	EndGlobalSection
	GlobalSection(ProjectConfigurationPlatforms) = postSolution
		{DCDFA820-5CE7-43DD-80C8-A0A0550B5A35}.Debug|Any CPU.ActiveCfg = Debug|Any CPU
		{DCDFA820-5CE7-43DD-80C8-A0A0550B5A35}.Debug|Any CPU.Build.0 = Debug|Any CPU
		{DCDFA820-5CE7-43DD-80C8-A0A0550B5A35}.Release|Any CPU.ActiveCfg = Release|Any CPU
		{DCDFA820-5CE7-43DD-80C8-A0A0550B5A35}.Release|Any CPU.Build.0 = Release|Any CPU
		{ECBAE61C-E83A-4822-BF49-E5774222FED4}.Debug|Any CPU.ActiveCfg = Debug|Any CPU
		{ECBAE61C-E83A-4822-BF49-E5774222FED4}.Debug|Any CPU.Build.0 = Debug|Any CPU
		{ECBAE61C-E83A-4822-BF49-E5774222FED4}.Release|Any CPU.ActiveCfg = Release|Any CPU
		{ECBAE61C-E83A-4822-BF49-E5774222FED4}.Release|Any CPU.Build.0 = Release|Any CPU
	EndGlobalSection
	GlobalSection(SolutionProperties) = preSolution
		HideSolutionNode = FALSE
	EndGlobalSection
	GlobalSection(ExtensibilityGlobals) = postSolution
		SolutionGuid = {71FF3B97-1244-42A1-8DF9-3286145A1FA2}
	EndGlobalSection
EndGlobal
